
Microsoft Visual Studio Solution File, Format Version 12.00
# Visual Studio Version 17
VisualStudioVersion = 17.3.32811.315
MinimumVisualStudioVersion = 10.0.40219.1
Project("{FAE04EC0-301F-11D3-BF4B-00C04F79EFBC}") = "MichSound", "MichSound\MichSound.csproj", "{59468E2D-471B-4346-8413-A8917098B951}"
EndProject
Global
	GlobalSection(SolutionConfigurationPlatforms) = preSolution
		Debug|Any CPU = Debug|Any CPU
		Release|Any CPU = Release|Any CPU
	EndGlobalSection
	GlobalSection(ProjectConfigurationPlatforms) = postSolution
		{59468E2D-471B-4346-8413-A8917098B951}.Debug|Any CPU.ActiveCfg = Debug|Any CPU
		{59468E2D-471B-4346-8413-A8917098B951}.Debug|Any CPU.Build.0 = Debug|Any CPU
		{59468E2D-471B-4346-8413-A8917098B951}.Release|Any CPU.ActiveCfg = Release|Any CPU
		{59468E2D-471B-4346-8413-A8917098B951}.Release|Any CPU.Build.0 = Release|Any CPU
	EndGlobalSection
	GlobalSection(SolutionProperties) = preSolution
		HideSolutionNode = FALSE
	EndGlobalSection
	GlobalSection(ExtensibilityGlobals) = postSolution
		SolutionGuid = {C1E12E27-B948-4CEC-A2CD-633973842667}
	EndGlobalSection
EndGlobal
